// !$*UTF8*$!
{
	archiveVersion = 1;
	classes = {
	};
	objectVersion = 46;
	objects = {

/* Begin PBXBuildFile section */
		C30050C0176D303600829C03 /* GroupPickerDataSource.m in Sources */ = {isa = PBXBuildFile; fileRef = C30050BF176D303600829C03 /* GroupPickerDataSource.m */; };
		C301AA89176BE647009F0109 /* GroupPickViewController.m in Sources */ = {isa = PBXBuildFile; fileRef = C301AA87176BE647009F0109 /* GroupPickViewController.m */; };
		C301AA8A176BE647009F0109 /* GroupPickViewController.xib in Resources */ = {isa = PBXBuildFile; fileRef = C301AA88176BE647009F0109 /* GroupPickViewController.xib */; };
		C36A8721176D1B6000EDA0EE /* KN-09-4.csv in Resources */ = {isa = PBXBuildFile; fileRef = C36A8720176D1B6000EDA0EE /* KN-09-4.csv */; };
		C3E2AA42176A8BE9006296E2 /* ScheduleCell.xib in Resources */ = {isa = PBXBuildFile; fileRef = C3E2AA41176A8BE9006296E2 /* ScheduleCell.xib */; };
		C3E40201176A83B500332940 /* UIKit.framework in Frameworks */ = {isa = PBXBuildFile; fileRef = C3E40200176A83B500332940 /* UIKit.framework */; };
		C3E40203176A83B500332940 /* Foundation.framework in Frameworks */ = {isa = PBXBuildFile; fileRef = C3E40202176A83B500332940 /* Foundation.framework */; };
		C3E40205176A83B500332940 /* CoreGraphics.framework in Frameworks */ = {isa = PBXBuildFile; fileRef = C3E40204176A83B500332940 /* CoreGraphics.framework */; };
		C3E4020B176A83B500332940 /* InfoPlist.strings in Resources */ = {isa = PBXBuildFile; fileRef = C3E40209176A83B500332940 /* InfoPlist.strings */; };
		C3E4020D176A83B500332940 /* main.m in Sources */ = {isa = PBXBuildFile; fileRef = C3E4020C176A83B500332940 /* main.m */; };
		C3E40211176A83B500332940 /* AppDelegate.m in Sources */ = {isa = PBXBuildFile; fileRef = C3E40210176A83B500332940 /* AppDelegate.m */; };
		C3E40213176A83B500332940 /* Default.png in Resources */ = {isa = PBXBuildFile; fileRef = C3E40212176A83B500332940 /* Default.png */; };
		C3E40215176A83B500332940 /* Default@2x.png in Resources */ = {isa = PBXBuildFile; fileRef = C3E40214176A83B500332940 /* Default@2x.png */; };
		C3E40217176A83B500332940 /* Default-568h@2x.png in Resources */ = {isa = PBXBuildFile; fileRef = C3E40216176A83B500332940 /* Default-568h@2x.png */; };
		C3E4021F176A854100332940 /* ScheduleViewController.m in Sources */ = {isa = PBXBuildFile; fileRef = C3E4021E176A854100332940 /* ScheduleViewController.m */; };
		C3E40224176A8A2B00332940 /* ScheduleCell.m in Sources */ = {isa = PBXBuildFile; fileRef = C3E40223176A8A2B00332940 /* ScheduleCell.m */; };
		FA253D26176B342400FD2F9F /* ScheduleDataSource.m in Sources */ = {isa = PBXBuildFile; fileRef = FA253D25176B342400FD2F9F /* ScheduleDataSource.m */; };
		FA7D2E70176DC2A1005C7636 /* Groups keys in Resources */ = {isa = PBXBuildFile; fileRef = FA7D2E6F176DC2A1005C7636 /* Groups keys */; };
		FA88B4BD176DEB7C00070BCF /* FacultyPickViewController.m in Sources */ = {isa = PBXBuildFile; fileRef = FA88B4BB176DEB7C00070BCF /* FacultyPickViewController.m */; };
		FA88B4BE176DEB7C00070BCF /* FacultyPickViewController.xib in Resources */ = {isa = PBXBuildFile; fileRef = FA88B4BC176DEB7C00070BCF /* FacultyPickViewController.xib */; };
		FA88B4C5176DF1F700070BCF /* MBProgressHUD.m in Sources */ = {isa = PBXBuildFile; fileRef = FA88B4C1176DF1F700070BCF /* MBProgressHUD.m */; };
		FA88B4C9176DF2CF00070BCF /* Reachability.m in Sources */ = {isa = PBXBuildFile; fileRef = FA88B4C8176DF2CF00070BCF /* Reachability.m */; };
		FA88B4CB176DF48F00070BCF /* SystemConfiguration.framework in Frameworks */ = {isa = PBXBuildFile; fileRef = FA88B4CA176DF48E00070BCF /* SystemConfiguration.framework */; };
/* End PBXBuildFile section */

/* Begin PBXFileReference section */
		C30050BE176D303600829C03 /* GroupPickerDataSource.h */ = {isa = PBXFileReference; fileEncoding = 4; lastKnownFileType = sourcecode.c.h; path = GroupPickerDataSource.h; sourceTree = "<group>"; };
		C30050BF176D303600829C03 /* GroupPickerDataSource.m */ = {isa = PBXFileReference; fileEncoding = 4; lastKnownFileType = sourcecode.c.objc; path = GroupPickerDataSource.m; sourceTree = "<group>"; };
		C301AA86176BE647009F0109 /* GroupPickViewController.h */ = {isa = PBXFileReference; fileEncoding = 4; lastKnownFileType = sourcecode.c.h; path = GroupPickViewController.h; sourceTree = "<group>"; };
		C301AA87176BE647009F0109 /* GroupPickViewController.m */ = {isa = PBXFileReference; fileEncoding = 4; lastKnownFileType = sourcecode.c.objc; path = GroupPickViewController.m; sourceTree = "<group>"; };
		C301AA88176BE647009F0109 /* GroupPickViewController.xib */ = {isa = PBXFileReference; fileEncoding = 4; lastKnownFileType = file.xib; path = GroupPickViewController.xib; sourceTree = "<group>"; };
		C36A8720176D1B6000EDA0EE /* KN-09-4.csv */ = {isa = PBXFileReference; fileEncoding = 4; lastKnownFileType = text; path = "KN-09-4.csv"; sourceTree = "<group>"; };
		C3E2AA41176A8BE9006296E2 /* ScheduleCell.xib */ = {isa = PBXFileReference; fileEncoding = 4; lastKnownFileType = file.xib; path = ScheduleCell.xib; sourceTree = "<group>"; };
		C3E401FC176A83B500332940 /* CISTScheduler.app */ = {isa = PBXFileReference; explicitFileType = wrapper.application; includeInIndex = 0; path = CISTScheduler.app; sourceTree = BUILT_PRODUCTS_DIR; };
		C3E40200176A83B500332940 /* UIKit.framework */ = {isa = PBXFileReference; lastKnownFileType = wrapper.framework; name = UIKit.framework; path = System/Library/Frameworks/UIKit.framework; sourceTree = SDKROOT; };
		C3E40202176A83B500332940 /* Foundation.framework */ = {isa = PBXFileReference; lastKnownFileType = wrapper.framework; name = Foundation.framework; path = System/Library/Frameworks/Foundation.framework; sourceTree = SDKROOT; };
		C3E40204176A83B500332940 /* CoreGraphics.framework */ = {isa = PBXFileReference; lastKnownFileType = wrapper.framework; name = CoreGraphics.framework; path = System/Library/Frameworks/CoreGraphics.framework; sourceTree = SDKROOT; };
		C3E40208176A83B500332940 /* CISTScheduler-Info.plist */ = {isa = PBXFileReference; lastKnownFileType = text.plist.xml; path = "CISTScheduler-Info.plist"; sourceTree = "<group>"; };
		C3E4020A176A83B500332940 /* en */ = {isa = PBXFileReference; lastKnownFileType = text.plist.strings; name = en; path = en.lproj/InfoPlist.strings; sourceTree = "<group>"; };
		C3E4020C176A83B500332940 /* main.m */ = {isa = PBXFileReference; lastKnownFileType = sourcecode.c.objc; path = main.m; sourceTree = "<group>"; };
		C3E4020E176A83B500332940 /* CISTScheduler-Prefix.pch */ = {isa = PBXFileReference; lastKnownFileType = sourcecode.c.h; path = "CISTScheduler-Prefix.pch"; sourceTree = "<group>"; };
		C3E4020F176A83B500332940 /* AppDelegate.h */ = {isa = PBXFileReference; lastKnownFileType = sourcecode.c.h; path = AppDelegate.h; sourceTree = "<group>"; };
		C3E40210176A83B500332940 /* AppDelegate.m */ = {isa = PBXFileReference; lastKnownFileType = sourcecode.c.objc; path = AppDelegate.m; sourceTree = "<group>"; };
		C3E40212176A83B500332940 /* Default.png */ = {isa = PBXFileReference; lastKnownFileType = image.png; path = Default.png; sourceTree = "<group>"; };
		C3E40214176A83B500332940 /* Default@2x.png */ = {isa = PBXFileReference; lastKnownFileType = image.png; path = "Default@2x.png"; sourceTree = "<group>"; };
		C3E40216176A83B500332940 /* Default-568h@2x.png */ = {isa = PBXFileReference; lastKnownFileType = image.png; path = "Default-568h@2x.png"; sourceTree = "<group>"; };
		C3E4021D176A854100332940 /* ScheduleViewController.h */ = {isa = PBXFileReference; fileEncoding = 4; lastKnownFileType = sourcecode.c.h; path = ScheduleViewController.h; sourceTree = "<group>"; };
		C3E4021E176A854100332940 /* ScheduleViewController.m */ = {isa = PBXFileReference; fileEncoding = 4; lastKnownFileType = sourcecode.c.objc; path = ScheduleViewController.m; sourceTree = "<group>"; };
		C3E40222176A8A2B00332940 /* ScheduleCell.h */ = {isa = PBXFileReference; fileEncoding = 4; lastKnownFileType = sourcecode.c.h; path = ScheduleCell.h; sourceTree = "<group>"; };
		C3E40223176A8A2B00332940 /* ScheduleCell.m */ = {isa = PBXFileReference; fileEncoding = 4; lastKnownFileType = sourcecode.c.objc; path = ScheduleCell.m; sourceTree = "<group>"; };
		FA253D24176B342400FD2F9F /* ScheduleDataSource.h */ = {isa = PBXFileReference; fileEncoding = 4; lastKnownFileType = sourcecode.c.h; path = ScheduleDataSource.h; sourceTree = "<group>"; };
		FA253D25176B342400FD2F9F /* ScheduleDataSource.m */ = {isa = PBXFileReference; fileEncoding = 4; lastKnownFileType = sourcecode.c.objc; path = ScheduleDataSource.m; sourceTree = "<group>"; };
		FA7D2E6F176DC2A1005C7636 /* Groups keys */ = {isa = PBXFileReference; lastKnownFileType = folder; path = "Groups keys"; sourceTree = "<group>"; };
		FA88B4BA176DEB7C00070BCF /* FacultyPickViewController.h */ = {isa = PBXFileReference; fileEncoding = 4; lastKnownFileType = sourcecode.c.h; path = FacultyPickViewController.h; sourceTree = "<group>"; };
		FA88B4BB176DEB7C00070BCF /* FacultyPickViewController.m */ = {isa = PBXFileReference; fileEncoding = 4; lastKnownFileType = sourcecode.c.objc; path = FacultyPickViewController.m; sourceTree = "<group>"; };
		FA88B4BC176DEB7C00070BCF /* FacultyPickViewController.xib */ = {isa = PBXFileReference; fileEncoding = 4; lastKnownFileType = file.xib; path = FacultyPickViewController.xib; sourceTree = "<group>"; };
		FA88B4C0176DF1F700070BCF /* MBProgressHUD.h */ = {isa = PBXFileReference; fileEncoding = 4; lastKnownFileType = sourcecode.c.h; path = MBProgressHUD.h; sourceTree = "<group>"; };
		FA88B4C1176DF1F700070BCF /* MBProgressHUD.m */ = {isa = PBXFileReference; fileEncoding = 4; lastKnownFileType = sourcecode.c.objc; path = MBProgressHUD.m; sourceTree = "<group>"; };
		FA88B4C7176DF2CF00070BCF /* Reachability.h */ = {isa = PBXFileReference; fileEncoding = 4; lastKnownFileType = sourcecode.c.h; path = Reachability.h; sourceTree = "<group>"; };
		FA88B4C8176DF2CF00070BCF /* Reachability.m */ = {isa = PBXFileReference; fileEncoding = 4; lastKnownFileType = sourcecode.c.objc; path = Reachability.m; sourceTree = "<group>"; };
		FA88B4CA176DF48E00070BCF /* SystemConfiguration.framework */ = {isa = PBXFileReference; lastKnownFileType = wrapper.framework; name = SystemConfiguration.framework; path = System/Library/Frameworks/SystemConfiguration.framework; sourceTree = SDKROOT; };
/* End PBXFileReference section */

/* Begin PBXFrameworksBuildPhase section */
		C3E401F9176A83B500332940 /* Frameworks */ = {
			isa = PBXFrameworksBuildPhase;
			buildActionMask = 2147483647;
			files = (
				FA88B4CB176DF48F00070BCF /* SystemConfiguration.framework in Frameworks */,
				C3E40201176A83B500332940 /* UIKit.framework in Frameworks */,
				C3E40203176A83B500332940 /* Foundation.framework in Frameworks */,
				C3E40205176A83B500332940 /* CoreGraphics.framework in Frameworks */,
			);
			runOnlyForDeploymentPostprocessing = 0;
		};
/* End PBXFrameworksBuildPhase section */

/* Begin PBXGroup section */
		C301AA85176BE618009F0109 /* ScheduleViewController */ = {
			isa = PBXGroup;
			children = (
				C3E4021D176A854100332940 /* ScheduleViewController.h */,
				C3E4021E176A854100332940 /* ScheduleViewController.m */,
				C3E40222176A8A2B00332940 /* ScheduleCell.h */,
				C3E40223176A8A2B00332940 /* ScheduleCell.m */,
				C3E2AA41176A8BE9006296E2 /* ScheduleCell.xib */,
				FA253D24176B342400FD2F9F /* ScheduleDataSource.h */,
				FA253D25176B342400FD2F9F /* ScheduleDataSource.m */,
			);
			name = ScheduleViewController;
			sourceTree = "<group>";
		};
		C3E401F1176A83B500332940 = {
			isa = PBXGroup;
			children = (
				FA88B4CA176DF48E00070BCF /* SystemConfiguration.framework */,
				C3E40206176A83B500332940 /* CISTScheduler */,
				C3E40207176A83B500332940 /* Supporting Files */,
				C3E401FF176A83B500332940 /* Frameworks */,
				C3E401FD176A83B500332940 /* Products */,
			);
			sourceTree = "<group>";
		};
		C3E401FD176A83B500332940 /* Products */ = {
			isa = PBXGroup;
			children = (
				C3E401FC176A83B500332940 /* CISTScheduler.app */,
			);
			name = Products;
			sourceTree = "<group>";
		};
		C3E401FF176A83B500332940 /* Frameworks */ = {
			isa = PBXGroup;
			children = (
				C3E40200176A83B500332940 /* UIKit.framework */,
				C3E40202176A83B500332940 /* Foundation.framework */,
				C3E40204176A83B500332940 /* CoreGraphics.framework */,
			);
			name = Frameworks;
			sourceTree = "<group>";
		};
		C3E40206176A83B500332940 /* CISTScheduler */ = {
			isa = PBXGroup;
			children = (
				FA88B4BF176DF1F700070BCF /* MBProgressHUD */,
				C3E4020F176A83B500332940 /* AppDelegate.h */,
				C3E40210176A83B500332940 /* AppDelegate.m */,
				C301AA85176BE618009F0109 /* ScheduleViewController */,
				FA88B4B4176DEAD800070BCF /* Group pick */,
				FA88B4BA176DEB7C00070BCF /* FacultyPickViewController.h */,
				FA88B4BB176DEB7C00070BCF /* FacultyPickViewController.m */,
				FA88B4BC176DEB7C00070BCF /* FacultyPickViewController.xib */,
			);
			path = CISTScheduler;
			sourceTree = "<group>";
		};
		C3E40207176A83B500332940 /* Supporting Files */ = {
			isa = PBXGroup;
			children = (
				FA7D2E6F176DC2A1005C7636 /* Groups keys */,
				C36A8720176D1B6000EDA0EE /* KN-09-4.csv */,
				C3E40208176A83B500332940 /* CISTScheduler-Info.plist */,
				C3E40209176A83B500332940 /* InfoPlist.strings */,
				C3E4020C176A83B500332940 /* main.m */,
				C3E4020E176A83B500332940 /* CISTScheduler-Prefix.pch */,
				C3E40212176A83B500332940 /* Default.png */,
				C3E40214176A83B500332940 /* Default@2x.png */,
				C3E40216176A83B500332940 /* Default-568h@2x.png */,
			);
			name = "Supporting Files";
			path = CISTScheduler;
			sourceTree = "<group>";
		};
		FA88B4B4176DEAD800070BCF /* Group pick */ = {
			isa = PBXGroup;
			children = (
				C301AA86176BE647009F0109 /* GroupPickViewController.h */,
				C301AA87176BE647009F0109 /* GroupPickViewController.m */,
				C301AA88176BE647009F0109 /* GroupPickViewController.xib */,
				C30050BE176D303600829C03 /* GroupPickerDataSource.h */,
				C30050BF176D303600829C03 /* GroupPickerDataSource.m */,
			);
			name = "Group pick";
			sourceTree = "<group>";
		};
		FA88B4BF176DF1F700070BCF /* MBProgressHUD */ = {
			isa = PBXGroup;
			children = (
				FA88B4C7176DF2CF00070BCF /* Reachability.h */,
				FA88B4C8176DF2CF00070BCF /* Reachability.m */,
				FA88B4C0176DF1F700070BCF /* MBProgressHUD.h */,
				FA88B4C1176DF1F700070BCF /* MBProgressHUD.m */,
			);
			path = MBProgressHUD;
			sourceTree = "<group>";
		};
/* End PBXGroup section */

/* Begin PBXNativeTarget section */
		C3E401FB176A83B500332940 /* CISTScheduler */ = {
			isa = PBXNativeTarget;
			buildConfigurationList = C3E4021A176A83B500332940 /* Build configuration list for PBXNativeTarget "CISTScheduler" */;
			buildPhases = (
				C3E401F8176A83B500332940 /* Sources */,
				C3E401F9176A83B500332940 /* Frameworks */,
				C3E401FA176A83B500332940 /* Resources */,
			);
			buildRules = (
			);
			dependencies = (
			);
			name = CISTScheduler;
			productName = CISTScheduler;
			productReference = C3E401FC176A83B500332940 /* CISTScheduler.app */;
			productType = "com.apple.product-type.application";
		};
/* End PBXNativeTarget section */

/* Begin PBXProject section */
		C3E401F3176A83B500332940 /* Project object */ = {
			isa = PBXProject;
			attributes = {
				LastUpgradeCheck = 0450;
				ORGANIZATIONNAME = Coderivium;
			};
			buildConfigurationList = C3E401F6176A83B500332940 /* Build configuration list for PBXProject "CISTScheduler" */;
			compatibilityVersion = "Xcode 3.2";
			developmentRegion = English;
			hasScannedForEncodings = 0;
			knownRegions = (
				en,
			);
			mainGroup = C3E401F1176A83B500332940;
			productRefGroup = C3E401FD176A83B500332940 /* Products */;
			projectDirPath = "";
			projectRoot = "";
			targets = (
				C3E401FB176A83B500332940 /* CISTScheduler */,
			);
		};
/* End PBXProject section */

/* Begin PBXResourcesBuildPhase section */
		C3E401FA176A83B500332940 /* Resources */ = {
			isa = PBXResourcesBuildPhase;
			buildActionMask = 2147483647;
			files = (
				C3E4020B176A83B500332940 /* InfoPlist.strings in Resources */,
				C3E40213176A83B500332940 /* Default.png in Resources */,
				C3E40215176A83B500332940 /* Default@2x.png in Resources */,
				C3E40217176A83B500332940 /* Default-568h@2x.png in Resources */,
				C3E2AA42176A8BE9006296E2 /* ScheduleCell.xib in Resources */,
				C301AA8A176BE647009F0109 /* GroupPickViewController.xib in Resources */,
				C36A8721176D1B6000EDA0EE /* KN-09-4.csv in Resources */,
				FA7D2E70176DC2A1005C7636 /* Groups keys in Resources */,
				FA88B4BE176DEB7C00070BCF /* FacultyPickViewController.xib in Resources */,
			);
			runOnlyForDeploymentPostprocessing = 0;
		};
/* End PBXResourcesBuildPhase section */

/* Begin PBXSourcesBuildPhase section */
		C3E401F8176A83B500332940 /* Sources */ = {
			isa = PBXSourcesBuildPhase;
			buildActionMask = 2147483647;
			files = (
				C3E4020D176A83B500332940 /* main.m in Sources */,
				C3E40211176A83B500332940 /* AppDelegate.m in Sources */,
				C3E4021F176A854100332940 /* ScheduleViewController.m in Sources */,
				C3E40224176A8A2B00332940 /* ScheduleCell.m in Sources */,
				FA253D26176B342400FD2F9F /* ScheduleDataSource.m in Sources */,
				C301AA89176BE647009F0109 /* GroupPickViewController.m in Sources */,
				C30050C0176D303600829C03 /* GroupPickerDataSource.m in Sources */,
				FA88B4BD176DEB7C00070BCF /* FacultyPickViewController.m in Sources */,
				FA88B4C5176DF1F700070BCF /* MBProgressHUD.m in Sources */,
				FA88B4C9176DF2CF00070BCF /* Reachability.m in Sources */,
			);
			runOnlyForDeploymentPostprocessing = 0;
		};
/* End PBXSourcesBuildPhase section */

/* Begin PBXVariantGroup section */
		C3E40209176A83B500332940 /* InfoPlist.strings */ = {
			isa = PBXVariantGroup;
			children = (
				C3E4020A176A83B500332940 /* en */,
			);
			name = InfoPlist.strings;
			sourceTree = "<group>";
		};
/* End PBXVariantGroup section */

/* Begin XCBuildConfiguration section */
		C3E40218176A83B500332940 /* Debug */ = {
			isa = XCBuildConfiguration;
			buildSettings = {
				ALWAYS_SEARCH_USER_PATHS = NO;
				CLANG_CXX_LANGUAGE_STANDARD = "gnu++0x";
				CLANG_CXX_LIBRARY = "libc++";
				CLANG_WARN_EMPTY_BODY = YES;
				CLANG_WARN__DUPLICATE_METHOD_MATCH = YES;
				"CODE_SIGN_IDENTITY[sdk=iphoneos*]" = "iPhone Developer";
				COPY_PHASE_STRIP = NO;
				GCC_C_LANGUAGE_STANDARD = gnu99;
				GCC_DYNAMIC_NO_PIC = NO;
				GCC_OPTIMIZATION_LEVEL = 0;
				GCC_PREPROCESSOR_DEFINITIONS = (
					"DEBUG=1",
					"$(inherited)",
				);
				GCC_SYMBOLS_PRIVATE_EXTERN = NO;
				GCC_WARN_ABOUT_RETURN_TYPE = YES;
				GCC_WARN_UNINITIALIZED_AUTOS = YES;
				GCC_WARN_UNUSED_VARIABLE = YES;
				IPHONEOS_DEPLOYMENT_TARGET = 6.0;
				ONLY_ACTIVE_ARCH = YES;
				SDKROOT = iphoneos;
			};
			name = Debug;
		};
		C3E40219176A83B500332940 /* Release */ = {
			isa = XCBuildConfiguration;
			buildSettings = {
				ALWAYS_SEARCH_USER_PATHS = NO;
				CLANG_CXX_LANGUAGE_STANDARD = "gnu++0x";
				CLANG_CXX_LIBRARY = "libc++";
				CLANG_WARN_EMPTY_BODY = YES;
				CLANG_WARN__DUPLICATE_METHOD_MATCH = YES;
				"CODE_SIGN_IDENTITY[sdk=iphoneos*]" = "iPhone Developer";
				COPY_PHASE_STRIP = YES;
				GCC_C_LANGUAGE_STANDARD = gnu99;
				GCC_WARN_ABOUT_RETURN_TYPE = YES;
				GCC_WARN_UNINITIALIZED_AUTOS = YES;
				GCC_WARN_UNUSED_VARIABLE = YES;
				IPHONEOS_DEPLOYMENT_TARGET = 6.0;
				OTHER_CFLAGS = "-DNS_BLOCK_ASSERTIONS=1";
				SDKROOT = iphoneos;
				VALIDATE_PRODUCT = YES;
			};
			name = Release;
		};
		C3E4021B176A83B500332940 /* Debug */ = {
			isa = XCBuildConfiguration;
			buildSettings = {
				GCC_PRECOMPILE_PREFIX_HEADER = YES;
				GCC_PREFIX_HEADER = "CISTScheduler/CISTScheduler-Prefix.pch";
				INFOPLIST_FILE = "CISTScheduler/CISTScheduler-Info.plist";
				IPHONEOS_DEPLOYMENT_TARGET = 5.1;
				PRODUCT_NAME = "$(TARGET_NAME)";
				WRAPPER_EXTENSION = app;
			};
			name = Debug;
		};
		C3E4021C176A83B500332940 /* Release */ = {
			isa = XCBuildConfiguration;
			buildSettings = {
				GCC_PRECOMPILE_PREFIX_HEADER = YES;
				GCC_PREFIX_HEADER = "CISTScheduler/CISTScheduler-Prefix.pch";
				INFOPLIST_FILE = "CISTScheduler/CISTScheduler-Info.plist";
				IPHONEOS_DEPLOYMENT_TARGET = 5.1;
				PRODUCT_NAME = "$(TARGET_NAME)";
				WRAPPER_EXTENSION = app;
			};
			name = Release;
		};
/* End XCBuildConfiguration section */

/* Begin XCConfigurationList section */
		C3E401F6176A83B500332940 /* Build configuration list for PBXProject "CISTScheduler" */ = {
			isa = XCConfigurationList;
			buildConfigurations = (
				C3E40218176A83B500332940 /* Debug */,
				C3E40219176A83B500332940 /* Release */,
			);
			defaultConfigurationIsVisible = 0;
			defaultConfigurationName = Release;
		};
		C3E4021A176A83B500332940 /* Build configuration list for PBXNativeTarget "CISTScheduler" */ = {
			isa = XCConfigurationList;
			buildConfigurations = (
				C3E4021B176A83B500332940 /* Debug */,
				C3E4021C176A83B500332940 /* Release */,
			);
			defaultConfigurationIsVisible = 0;
			defaultConfigurationName = Release;
		};
/* End XCConfigurationList section */
	};
	rootObject = C3E401F3176A83B500332940 /* Project object */;
}
